
Microsoft Visual Studio Solution File, Format Version 12.00
# Visual Studio Version 17
VisualStudioVersion = 17.2.32526.322
MinimumVisualStudioVersion = 10.0.40219.1
Project("{9A19103F-16F7-4668-BE54-9A1E7A4F7556}") = "LessonMonitor.API", "LessonMonitor.API\LessonMonitor.API.csproj", "{2D5C21A9-2B86-4E4B-B751-9A9F16D7DFB5}"
EndProject
Project("{9A19103F-16F7-4668-BE54-9A1E7A4F7556}") = "ConsoleApp1", "ConsoleApp1\ConsoleApp1.csproj", "{DE2AA10A-F3C0-444A-8211-42709A44F396}"
EndProject
Project("{9A19103F-16F7-4668-BE54-9A1E7A4F7556}") = "LessonMonitor.Core", "LessonMonitor.Core\LessonMonitor.Core.csproj", "{2457FB1E-4331-4DA3-9810-1E2FFD25B08D}"
EndProject
Project("{00D1A9C2-B5F0-4AF3-8072-F6C62B433612}") = "LessonMonitor.DataBase", "LessonMonitor.DataBase\LessonMonitor.DataBase.sqlproj", "{28E4F44E-C2E9-43BB-B3DB-4EB792EF397D}"
EndProject
Project("{9A19103F-16F7-4668-BE54-9A1E7A4F7556}") = "LessonMonitor.BL", "LessonMonitor.BL\LessonMonitor.BL.csproj", "{A61E01C4-C279-4483-BFE6-356ECE625479}"
EndProject
Project("{9A19103F-16F7-4668-BE54-9A1E7A4F7556}") = "LessonMonitor.DataAccess", "LessonMonitor.DataAccess\LessonMonitor.DataAccess.csproj", "{6282C8DB-A344-402F-B57F-908BD060297E}"
EndProject
Project("{FAE04EC0-301F-11D3-BF4B-00C04F79EFBC}") = "LessonMonitor.DataAccess.Tests", "LessonMonitor.DataAccess.Tests\LessonMonitor.DataAccess.Tests.csproj", "{1A1FB174-4019-47A8-8D31-3FF7DCD3C50E}"
EndProject
Global
	GlobalSection(SolutionConfigurationPlatforms) = preSolution
		Debug|Any CPU = Debug|Any CPU
		Release|Any CPU = Release|Any CPU
	EndGlobalSection
	GlobalSection(ProjectConfigurationPlatforms) = postSolution
		{2D5C21A9-2B86-4E4B-B751-9A9F16D7DFB5}.Debug|Any CPU.ActiveCfg = Debug|Any CPU
		{2D5C21A9-2B86-4E4B-B751-9A9F16D7DFB5}.Debug|Any CPU.Build.0 = Debug|Any CPU
		{2D5C21A9-2B86-4E4B-B751-9A9F16D7DFB5}.Release|Any CPU.ActiveCfg = Release|Any CPU
		{2D5C21A9-2B86-4E4B-B751-9A9F16D7DFB5}.Release|Any CPU.Build.0 = Release|Any CPU
		{DE2AA10A-F3C0-444A-8211-42709A44F396}.Debug|Any CPU.ActiveCfg = Debug|Any CPU
		{DE2AA10A-F3C0-444A-8211-42709A44F396}.Debug|Any CPU.Build.0 = Debug|Any CPU
		{DE2AA10A-F3C0-444A-8211-42709A44F396}.Release|Any CPU.ActiveCfg = Release|Any CPU
		{DE2AA10A-F3C0-444A-8211-42709A44F396}.Release|Any CPU.Build.0 = Release|Any CPU
		{2457FB1E-4331-4DA3-9810-1E2FFD25B08D}.Debug|Any CPU.ActiveCfg = Debug|Any CPU
		{2457FB1E-4331-4DA3-9810-1E2FFD25B08D}.Debug|Any CPU.Build.0 = Debug|Any CPU
		{2457FB1E-4331-4DA3-9810-1E2FFD25B08D}.Release|Any CPU.ActiveCfg = Release|Any CPU
		{2457FB1E-4331-4DA3-9810-1E2FFD25B08D}.Release|Any CPU.Build.0 = Release|Any CPU
		{28E4F44E-C2E9-43BB-B3DB-4EB792EF397D}.Debug|Any CPU.ActiveCfg = Debug|Any CPU
		{28E4F44E-C2E9-43BB-B3DB-4EB792EF397D}.Debug|Any CPU.Build.0 = Debug|Any CPU
		{28E4F44E-C2E9-43BB-B3DB-4EB792EF397D}.Debug|Any CPU.Deploy.0 = Debug|Any CPU
		{28E4F44E-C2E9-43BB-B3DB-4EB792EF397D}.Release|Any CPU.ActiveCfg = Release|Any CPU
		{28E4F44E-C2E9-43BB-B3DB-4EB792EF397D}.Release|Any CPU.Build.0 = Release|Any CPU
		{28E4F44E-C2E9-43BB-B3DB-4EB792EF397D}.Release|Any CPU.Deploy.0 = Release|Any CPU
		{A61E01C4-C279-4483-BFE6-356ECE625479}.Debug|Any CPU.ActiveCfg = Debug|Any CPU
		{A61E01C4-C279-4483-BFE6-356ECE625479}.Debug|Any CPU.Build.0 = Debug|Any CPU
		{A61E01C4-C279-4483-BFE6-356ECE625479}.Release|Any CPU.ActiveCfg = Release|Any CPU
		{A61E01C4-C279-4483-BFE6-356ECE625479}.Release|Any CPU.Build.0 = Release|Any CPU
		{6282C8DB-A344-402F-B57F-908BD060297E}.Debug|Any CPU.ActiveCfg = Debug|Any CPU
		{6282C8DB-A344-402F-B57F-908BD060297E}.Debug|Any CPU.Build.0 = Debug|Any CPU
		{6282C8DB-A344-402F-B57F-908BD060297E}.Release|Any CPU.ActiveCfg = Release|Any CPU
		{6282C8DB-A344-402F-B57F-908BD060297E}.Release|Any CPU.Build.0 = Release|Any CPU
		{1A1FB174-4019-47A8-8D31-3FF7DCD3C50E}.Debug|Any CPU.ActiveCfg = Debug|Any CPU
		{1A1FB174-4019-47A8-8D31-3FF7DCD3C50E}.Debug|Any CPU.Build.0 = Debug|Any CPU
		{1A1FB174-4019-47A8-8D31-3FF7DCD3C50E}.Release|Any CPU.ActiveCfg = Release|Any CPU
		{1A1FB174-4019-47A8-8D31-3FF7DCD3C50E}.Release|Any CPU.Build.0 = Release|Any CPU
	EndGlobalSection
	GlobalSection(SolutionProperties) = preSolution
		HideSolutionNode = FALSE
	EndGlobalSection
	GlobalSection(ExtensibilityGlobals) = postSolution
		SolutionGuid = {EF36ADD5-768D-44C4-AA74-90FC0BB7455A}
	EndGlobalSection
EndGlobal
